
Microsoft Visual Studio Solution File, Format Version 12.00
# Visual Studio Version 17
VisualStudioVersion = 17.14.36109.1
MinimumVisualStudioVersion = 10.0.40219.1
Project("{FAE04EC0-301F-11D3-BF4B-00C04F79EFBC}") = "StudentManagement", "StudentManagement\StudentManagement.csproj", "{91C416FA-5FB8-485C-8DBC-BD6B76EE1A4F}"
EndProject
Project("{FAE04EC0-301F-11D3-BF4B-00C04F79EFBC}") = "StudentManagement.Domain", "StudentManagement.Domain\StudentManagement.Domain.csproj", "{9169D217-752C-4589-8F45-C6FAC8F62619}"
EndProject
Project("{FAE04EC0-301F-11D3-BF4B-00C04F79EFBC}") = "StudentManagement.Infrastructure", "StudentManagement.Infrastructure\StudentManagement.Infrastructure.csproj", "{7AD70082-D059-44F2-9EF9-E9FE1CF12112}"
EndProject
Project("{FAE04EC0-301F-11D3-BF4B-00C04F79EFBC}") = "StudentManagement.Persistence", "StudentManagement.Persistence\StudentManagement.Persistence.csproj", "{0773E754-AF35-4BC8-A68E-7C41455FD8ED}"
EndProject
Project("{FAE04EC0-301F-11D3-BF4B-00C04F79EFBC}") = "StudentManagement.Application", "StudentManagement.Application\StudentManagement.Application.csproj", "{140F8895-7AA9-4272-A942-68FC08E94BB7}"
EndProject
Project("{FAE04EC0-301F-11D3-BF4B-00C04F79EFBC}") = "StudentManagement.Tests", "StudentManagement.Tests\StudentManagement.Tests.csproj", "{60FD5C28-BC0B-41D0-B168-99FD65D92F4D}"
EndProject
Global
	GlobalSection(SolutionConfigurationPlatforms) = preSolution
		Debug|Any CPU = Debug|Any CPU
		Debug|x64 = Debug|x64
		Debug|x86 = Debug|x86
		Release|Any CPU = Release|Any CPU
		Release|x64 = Release|x64
		Release|x86 = Release|x86
	EndGlobalSection
	GlobalSection(ProjectConfigurationPlatforms) = postSolution
		{91C416FA-5FB8-485C-8DBC-BD6B76EE1A4F}.Debug|Any CPU.ActiveCfg = Debug|Any CPU
		{91C416FA-5FB8-485C-8DBC-BD6B76EE1A4F}.Debug|Any CPU.Build.0 = Debug|Any CPU
		{91C416FA-5FB8-485C-8DBC-BD6B76EE1A4F}.Debug|x64.ActiveCfg = Debug|Any CPU
		{91C416FA-5FB8-485C-8DBC-BD6B76EE1A4F}.Debug|x64.Build.0 = Debug|Any CPU
		{91C416FA-5FB8-485C-8DBC-BD6B76EE1A4F}.Debug|x86.ActiveCfg = Debug|Any CPU
		{91C416FA-5FB8-485C-8DBC-BD6B76EE1A4F}.Debug|x86.Build.0 = Debug|Any CPU
		{91C416FA-5FB8-485C-8DBC-BD6B76EE1A4F}.Release|Any CPU.ActiveCfg = Release|Any CPU
		{91C416FA-5FB8-485C-8DBC-BD6B76EE1A4F}.Release|Any CPU.Build.0 = Release|Any CPU
		{91C416FA-5FB8-485C-8DBC-BD6B76EE1A4F}.Release|x64.ActiveCfg = Release|Any CPU
		{91C416FA-5FB8-485C-8DBC-BD6B76EE1A4F}.Release|x64.Build.0 = Release|Any CPU
		{91C416FA-5FB8-485C-8DBC-BD6B76EE1A4F}.Release|x86.ActiveCfg = Release|Any CPU
		{91C416FA-5FB8-485C-8DBC-BD6B76EE1A4F}.Release|x86.Build.0 = Release|Any CPU
		{9169D217-752C-4589-8F45-C6FAC8F62619}.Debug|Any CPU.ActiveCfg = Debug|Any CPU
		{9169D217-752C-4589-8F45-C6FAC8F62619}.Debug|Any CPU.Build.0 = Debug|Any CPU
		{9169D217-752C-4589-8F45-C6FAC8F62619}.Debug|x64.ActiveCfg = Debug|Any CPU
		{9169D217-752C-4589-8F45-C6FAC8F62619}.Debug|x64.Build.0 = Debug|Any CPU
		{9169D217-752C-4589-8F45-C6FAC8F62619}.Debug|x86.ActiveCfg = Debug|Any CPU
		{9169D217-752C-4589-8F45-C6FAC8F62619}.Debug|x86.Build.0 = Debug|Any CPU
		{9169D217-752C-4589-8F45-C6FAC8F62619}.Release|Any CPU.ActiveCfg = Release|Any CPU
		{9169D217-752C-4589-8F45-C6FAC8F62619}.Release|Any CPU.Build.0 = Release|Any CPU
		{9169D217-752C-4589-8F45-C6FAC8F62619}.Release|x64.ActiveCfg = Release|Any CPU
		{9169D217-752C-4589-8F45-C6FAC8F62619}.Release|x64.Build.0 = Release|Any CPU
		{9169D217-752C-4589-8F45-C6FAC8F62619}.Release|x86.ActiveCfg = Release|Any CPU
		{9169D217-752C-4589-8F45-C6FAC8F62619}.Release|x86.Build.0 = Release|Any CPU
		{7AD70082-D059-44F2-9EF9-E9FE1CF12112}.Debug|Any CPU.ActiveCfg = Debug|Any CPU
		{7AD70082-D059-44F2-9EF9-E9FE1CF12112}.Debug|Any CPU.Build.0 = Debug|Any CPU
		{7AD70082-D059-44F2-9EF9-E9FE1CF12112}.Debug|x64.ActiveCfg = Debug|Any CPU
		{7AD70082-D059-44F2-9EF9-E9FE1CF12112}.Debug|x64.Build.0 = Debug|Any CPU
		{7AD70082-D059-44F2-9EF9-E9FE1CF12112}.Debug|x86.ActiveCfg = Debug|Any CPU
		{7AD70082-D059-44F2-9EF9-E9FE1CF12112}.Debug|x86.Build.0 = Debug|Any CPU
		{7AD70082-D059-44F2-9EF9-E9FE1CF12112}.Release|Any CPU.ActiveCfg = Release|Any CPU
		{7AD70082-D059-44F2-9EF9-E9FE1CF12112}.Release|Any CPU.Build.0 = Release|Any CPU
		{7AD70082-D059-44F2-9EF9-E9FE1CF12112}.Release|x64.ActiveCfg = Release|Any CPU
		{7AD70082-D059-44F2-9EF9-E9FE1CF12112}.Release|x64.Build.0 = Release|Any CPU
		{7AD70082-D059-44F2-9EF9-E9FE1CF12112}.Release|x86.ActiveCfg = Release|Any CPU
		{7AD70082-D059-44F2-9EF9-E9FE1CF12112}.Release|x86.Build.0 = Release|Any CPU
		{0773E754-AF35-4BC8-A68E-7C41455FD8ED}.Debug|Any CPU.ActiveCfg = Debug|Any CPU
		{0773E754-AF35-4BC8-A68E-7C41455FD8ED}.Debug|Any CPU.Build.0 = Debug|Any CPU
		{0773E754-AF35-4BC8-A68E-7C41455FD8ED}.Debug|x64.ActiveCfg = Debug|Any CPU
		{0773E754-AF35-4BC8-A68E-7C41455FD8ED}.Debug|x64.Build.0 = Debug|Any CPU
		{0773E754-AF35-4BC8-A68E-7C41455FD8ED}.Debug|x86.ActiveCfg = Debug|Any CPU
		{0773E754-AF35-4BC8-A68E-7C41455FD8ED}.Debug|x86.Build.0 = Debug|Any CPU
		{0773E754-AF35-4BC8-A68E-7C41455FD8ED}.Release|Any CPU.ActiveCfg = Release|Any CPU
		{0773E754-AF35-4BC8-A68E-7C41455FD8ED}.Release|Any CPU.Build.0 = Release|Any CPU
		{0773E754-AF35-4BC8-A68E-7C41455FD8ED}.Release|x64.ActiveCfg = Release|Any CPU
		{0773E754-AF35-4BC8-A68E-7C41455FD8ED}.Release|x64.Build.0 = Release|Any CPU
		{0773E754-AF35-4BC8-A68E-7C41455FD8ED}.Release|x86.ActiveCfg = Release|Any CPU
		{0773E754-AF35-4BC8-A68E-7C41455FD8ED}.Release|x86.Build.0 = Release|Any CPU
		{140F8895-7AA9-4272-A942-68FC08E94BB7}.Debug|Any CPU.ActiveCfg = Debug|Any CPU
		{140F8895-7AA9-4272-A942-68FC08E94BB7}.Debug|Any CPU.Build.0 = Debug|Any CPU
		{140F8895-7AA9-4272-A942-68FC08E94BB7}.Debug|x64.ActiveCfg = Debug|Any CPU
		{140F8895-7AA9-4272-A942-68FC08E94BB7}.Debug|x64.Build.0 = Debug|Any CPU
		{140F8895-7AA9-4272-A942-68FC08E94BB7}.Debug|x86.ActiveCfg = Debug|Any CPU
		{140F8895-7AA9-4272-A942-68FC08E94BB7}.Debug|x86.Build.0 = Debug|Any CPU
		{140F8895-7AA9-4272-A942-68FC08E94BB7}.Release|Any CPU.ActiveCfg = Release|Any CPU
		{140F8895-7AA9-4272-A942-68FC08E94BB7}.Release|Any CPU.Build.0 = Release|Any CPU
		{140F8895-7AA9-4272-A942-68FC08E94BB7}.Release|x64.ActiveCfg = Release|Any CPU
		{140F8895-7AA9-4272-A942-68FC08E94BB7}.Release|x64.Build.0 = Release|Any CPU
		{140F8895-7AA9-4272-A942-68FC08E94BB7}.Release|x86.ActiveCfg = Release|Any CPU
		{140F8895-7AA9-4272-A942-68FC08E94BB7}.Release|x86.Build.0 = Release|Any CPU
		{60FD5C28-BC0B-41D0-B168-99FD65D92F4D}.Debug|Any CPU.ActiveCfg = Debug|Any CPU
		{60FD5C28-BC0B-41D0-B168-99FD65D92F4D}.Debug|Any CPU.Build.0 = Debug|Any CPU
		{60FD5C28-BC0B-41D0-B168-99FD65D92F4D}.Debug|x64.ActiveCfg = Debug|Any CPU
		{60FD5C28-BC0B-41D0-B168-99FD65D92F4D}.Debug|x64.Build.0 = Debug|Any CPU
		{60FD5C28-BC0B-41D0-B168-99FD65D92F4D}.Debug|x86.ActiveCfg = Debug|Any CPU
		{60FD5C28-BC0B-41D0-B168-99FD65D92F4D}.Debug|x86.Build.0 = Debug|Any CPU
		{60FD5C28-BC0B-41D0-B168-99FD65D92F4D}.Release|Any CPU.ActiveCfg = Release|Any CPU
		{60FD5C28-BC0B-41D0-B168-99FD65D92F4D}.Release|Any CPU.Build.0 = Release|Any CPU
		{60FD5C28-BC0B-41D0-B168-99FD65D92F4D}.Release|x64.ActiveCfg = Release|Any CPU
		{60FD5C28-BC0B-41D0-B168-99FD65D92F4D}.Release|x64.Build.0 = Release|Any CPU
		{60FD5C28-BC0B-41D0-B168-99FD65D92F4D}.Release|x86.ActiveCfg = Release|Any CPU
		{60FD5C28-BC0B-41D0-B168-99FD65D92F4D}.Release|x86.Build.0 = Release|Any CPU
	EndGlobalSection
	GlobalSection(SolutionProperties) = preSolution
		HideSolutionNode = FALSE
	EndGlobalSection
	GlobalSection(ExtensibilityGlobals) = postSolution
		SolutionGuid = {14CE4B36-8021-4AF9-955A-123373ECC311}
	EndGlobalSection
EndGlobal
